// !$*UTF8*$!
{
	archiveVersion = 1;
	classes = {
	};
	objectVersion = 46;
	objects = {

/* Begin PBXBuildFile section */
		79689FE516B959F0003D3545 /* UIKit.framework in Frameworks */ = {isa = PBXBuildFile; fileRef = 79689FE416B959F0003D3545 /* UIKit.framework */; };
		79689FE716B959F0003D3545 /* Foundation.framework in Frameworks */ = {isa = PBXBuildFile; fileRef = 79689FE616B959F0003D3545 /* Foundation.framework */; };
		79689FE916B959F0003D3545 /* CoreGraphics.framework in Frameworks */ = {isa = PBXBuildFile; fileRef = 79689FE816B959F0003D3545 /* CoreGraphics.framework */; };
		79689FEF16B959F0003D3545 /* InfoPlist.strings in Resources */ = {isa = PBXBuildFile; fileRef = 79689FED16B959F0003D3545 /* InfoPlist.strings */; };
		79689FF116B959F0003D3545 /* main.m in Sources */ = {isa = PBXBuildFile; fileRef = 79689FF016B959F0003D3545 /* main.m */; };
		79689FF516B959F0003D3545 /* AppDelegate.m in Sources */ = {isa = PBXBuildFile; fileRef = 79689FF416B959F0003D3545 /* AppDelegate.m */; };
		79689FF716B959F0003D3545 /* Default.png in Resources */ = {isa = PBXBuildFile; fileRef = 79689FF616B959F0003D3545 /* Default.png */; };
		79689FF916B959F0003D3545 /* Default@2x.png in Resources */ = {isa = PBXBuildFile; fileRef = 79689FF816B959F0003D3545 /* Default@2x.png */; };
		79689FFB16B959F0003D3545 /* Default-568h@2x.png in Resources */ = {isa = PBXBuildFile; fileRef = 79689FFA16B959F0003D3545 /* Default-568h@2x.png */; };
		79689FFE16B959F0003D3545 /* MainStoryboard.storyboard in Resources */ = {isa = PBXBuildFile; fileRef = 79689FFC16B959F0003D3545 /* MainStoryboard.storyboard */; };
		7968A00116B959F0003D3545 /* ViewController.m in Sources */ = {isa = PBXBuildFile; fileRef = 7968A00016B959F0003D3545 /* ViewController.m */; };
/* End PBXBuildFile section */

/* Begin PBXFileReference section */
		79689FE116B959F0003D3545 /* OOHWAH.app */ = {isa = PBXFileReference; explicitFileType = wrapper.application; includeInIndex = 0; path = OOHWAH.app; sourceTree = BUILT_PRODUCTS_DIR; };
		79689FE416B959F0003D3545 /* UIKit.framework */ = {isa = PBXFileReference; lastKnownFileType = wrapper.framework; name = UIKit.framework; path = System/Library/Frameworks/UIKit.framework; sourceTree = SDKROOT; };
		79689FE616B959F0003D3545 /* Foundation.framework */ = {isa = PBXFileReference; lastKnownFileType = wrapper.framework; name = Foundation.framework; path = System/Library/Frameworks/Foundation.framework; sourceTree = SDKROOT; };
		79689FE816B959F0003D3545 /* CoreGraphics.framework */ = {isa = PBXFileReference; lastKnownFileType = wrapper.framework; name = CoreGraphics.framework; path = System/Library/Frameworks/CoreGraphics.framework; sourceTree = SDKROOT; };
		79689FEC16B959F0003D3545 /* OOHWAH-Info.plist */ = {isa = PBXFileReference; lastKnownFileType = text.plist.xml; path = "OOHWAH-Info.plist"; sourceTree = "<group>"; };
		79689FEE16B959F0003D3545 /* en */ = {isa = PBXFileReference; lastKnownFileType = text.plist.strings; name = en; path = en.lproj/InfoPlist.strings; sourceTree = "<group>"; };
		79689FF016B959F0003D3545 /* main.m */ = {isa = PBXFileReference; lastKnownFileType = sourcecode.c.objc; path = main.m; sourceTree = "<group>"; };
		79689FF216B959F0003D3545 /* OOHWAH-Prefix.pch */ = {isa = PBXFileReference; lastKnownFileType = sourcecode.c.h; path = "OOHWAH-Prefix.pch"; sourceTree = "<group>"; };
		79689FF316B959F0003D3545 /* AppDelegate.h */ = {isa = PBXFileReference; lastKnownFileType = sourcecode.c.h; path = AppDelegate.h; sourceTree = "<group>"; };
		79689FF416B959F0003D3545 /* AppDelegate.m */ = {isa = PBXFileReference; lastKnownFileType = sourcecode.c.objc; path = AppDelegate.m; sourceTree = "<group>"; };
		79689FF616B959F0003D3545 /* Default.png */ = {isa = PBXFileReference; lastKnownFileType = image.png; path = Default.png; sourceTree = "<group>"; };
		79689FF816B959F0003D3545 /* Default@2x.png */ = {isa = PBXFileReference; lastKnownFileType = image.png; path = "Default@2x.png"; sourceTree = "<group>"; };
		79689FFA16B959F0003D3545 /* Default-568h@2x.png */ = {isa = PBXFileReference; lastKnownFileType = image.png; path = "Default-568h@2x.png"; sourceTree = "<group>"; };
		79689FFD16B959F0003D3545 /* en */ = {isa = PBXFileReference; lastKnownFileType = file.storyboard; name = en; path = en.lproj/MainStoryboard.storyboard; sourceTree = "<group>"; };
		79689FFF16B959F0003D3545 /* ViewController.h */ = {isa = PBXFileReference; lastKnownFileType = sourcecode.c.h; path = ViewController.h; sourceTree = "<group>"; };
		7968A00016B959F0003D3545 /* ViewController.m */ = {isa = PBXFileReference; lastKnownFileType = sourcecode.c.objc; path = ViewController.m; sourceTree = "<group>"; };
/* End PBXFileReference section */

/* Begin PBXFrameworksBuildPhase section */
		79689FDE16B959F0003D3545 /* Frameworks */ = {
			isa = PBXFrameworksBuildPhase;
			buildActionMask = 2147483647;
			files = (
				79689FE516B959F0003D3545 /* UIKit.framework in Frameworks */,
				79689FE716B959F0003D3545 /* Foundation.framework in Frameworks */,
				79689FE916B959F0003D3545 /* CoreGraphics.framework in Frameworks */,
			);
			runOnlyForDeploymentPostprocessing = 0;
		};
/* End PBXFrameworksBuildPhase section */

/* Begin PBXGroup section */
		79689FD816B959F0003D3545 = {
			isa = PBXGroup;
			children = (
				79689FEA16B959F0003D3545 /* OOHWAH */,
				79689FE316B959F0003D3545 /* Frameworks */,
				79689FE216B959F0003D3545 /* Products */,
			);
			sourceTree = "<group>";
		};
		79689FE216B959F0003D3545 /* Products */ = {
			isa = PBXGroup;
			children = (
				79689FE116B959F0003D3545 /* OOHWAH.app */,
			);
			name = Products;
			sourceTree = "<group>";
		};
		79689FE316B959F0003D3545 /* Frameworks */ = {
			isa = PBXGroup;
			children = (
				79689FE416B959F0003D3545 /* UIKit.framework */,
				79689FE616B959F0003D3545 /* Foundation.framework */,
				79689FE816B959F0003D3545 /* CoreGraphics.framework */,
			);
			name = Frameworks;
			sourceTree = "<group>";
		};
		79689FEA16B959F0003D3545 /* OOHWAH */ = {
			isa = PBXGroup;
			children = (
				79689FF316B959F0003D3545 /* AppDelegate.h */,
				79689FF416B959F0003D3545 /* AppDelegate.m */,
				79689FFC16B959F0003D3545 /* MainStoryboard.storyboard */,
				79689FFF16B959F0003D3545 /* ViewController.h */,
				7968A00016B959F0003D3545 /* ViewController.m */,
				79689FEB16B959F0003D3545 /* Supporting Files */,
			);
			path = OOHWAH;
			sourceTree = "<group>";
		};
		79689FEB16B959F0003D3545 /* Supporting Files */ = {
			isa = PBXGroup;
			children = (
				79689FEC16B959F0003D3545 /* OOHWAH-Info.plist */,
				79689FED16B959F0003D3545 /* InfoPlist.strings */,
				79689FF016B959F0003D3545 /* main.m */,
				79689FF216B959F0003D3545 /* OOHWAH-Prefix.pch */,
				79689FF616B959F0003D3545 /* Default.png */,
				79689FF816B959F0003D3545 /* Default@2x.png */,
				79689FFA16B959F0003D3545 /* Default-568h@2x.png */,
			);
			name = "Supporting Files";
			sourceTree = "<group>";
		};
/* End PBXGroup section */

/* Begin PBXNativeTarget section */
		79689FE016B959F0003D3545 /* OOHWAH */ = {
			isa = PBXNativeTarget;
			buildConfigurationList = 7968A00416B959F0003D3545 /* Build configuration list for PBXNativeTarget "OOHWAH" */;
			buildPhases = (
				79689FDD16B959F0003D3545 /* Sources */,
				79689FDE16B959F0003D3545 /* Frameworks */,
				79689FDF16B959F0003D3545 /* Resources */,
			);
			buildRules = (
			);
			dependencies = (
			);
			name = OOHWAH;
			productName = OOHWAH;
			productReference = 79689FE116B959F0003D3545 /* OOHWAH.app */;
			productType = "com.apple.product-type.application";
		};
/* End PBXNativeTarget section */

/* Begin PBXProject section */
		79689FD916B959F0003D3545 /* Project object */ = {
			isa = PBXProject;
			attributes = {
				LastUpgradeCheck = 0460;
				ORGANIZATIONNAME = "OOHWAH LTD.";
			};
			buildConfigurationList = 79689FDC16B959F0003D3545 /* Build configuration list for PBXProject "OOHWAH" */;
			compatibilityVersion = "Xcode 3.2";
			developmentRegion = English;
			hasScannedForEncodings = 0;
			knownRegions = (
				en,
			);
			mainGroup = 79689FD816B959F0003D3545;
			productRefGroup = 79689FE216B959F0003D3545 /* Products */;
			projectDirPath = "";
			projectRoot = "";
			targets = (
				79689FE016B959F0003D3545 /* OOHWAH */,
			);
		};
/* End PBXProject section */

/* Begin PBXResourcesBuildPhase section */
		79689FDF16B959F0003D3545 /* Resources */ = {
			isa = PBXResourcesBuildPhase;
			buildActionMask = 2147483647;
			files = (
				79689FEF16B959F0003D3545 /* InfoPlist.strings in Resources */,
				79689FF716B959F0003D3545 /* Default.png in Resources */,
				79689FF916B959F0003D3545 /* Default@2x.png in Resources */,
				79689FFB16B959F0003D3545 /* Default-568h@2x.png in Resources */,
				79689FFE16B959F0003D3545 /* MainStoryboard.storyboard in Resources */,
			);
			runOnlyForDeploymentPostprocessing = 0;
		};
/* End PBXResourcesBuildPhase section */

/* Begin PBXSourcesBuildPhase section */
		79689FDD16B959F0003D3545 /* Sources */ = {
			isa = PBXSourcesBuildPhase;
			buildActionMask = 2147483647;
			files = (
				79689FF116B959F0003D3545 /* main.m in Sources */,
				79689FF516B959F0003D3545 /* AppDelegate.m in Sources */,
				7968A00116B959F0003D3545 /* ViewController.m in Sources */,
			);
			runOnlyForDeploymentPostprocessing = 0;
		};
/* End PBXSourcesBuildPhase section */

/* Begin PBXVariantGroup section */
		79689FED16B959F0003D3545 /* InfoPlist.strings */ = {
			isa = PBXVariantGroup;
			children = (
				79689FEE16B959F0003D3545 /* en */,
			);
			name = InfoPlist.strings;
			sourceTree = "<group>";
		};
		79689FFC16B959F0003D3545 /* MainStoryboard.storyboard */ = {
			isa = PBXVariantGroup;
			children = (
				79689FFD16B959F0003D3545 /* en */,
			);
			name = MainStoryboard.storyboard;
			sourceTree = "<group>";
		};
/* End PBXVariantGroup section */

/* Begin XCBuildConfiguration section */
		7968A00216B959F0003D3545 /* Debug */ = {
			isa = XCBuildConfiguration;
			buildSettings = {
				ALWAYS_SEARCH_USER_PATHS = NO;
				CLANG_CXX_LANGUAGE_STANDARD = "gnu++0x";
				CLANG_CXX_LIBRARY = "libc++";
				CLANG_ENABLE_OBJC_ARC = YES;
				CLANG_WARN_CONSTANT_CONVERSION = YES;
				CLANG_WARN_EMPTY_BODY = YES;
				CLANG_WARN_ENUM_CONVERSION = YES;
				CLANG_WARN_INT_CONVERSION = YES;
				CLANG_WARN__DUPLICATE_METHOD_MATCH = YES;
				"CODE_SIGN_IDENTITY[sdk=iphoneos*]" = "iPhone Developer";
				COPY_PHASE_STRIP = NO;
				GCC_C_LANGUAGE_STANDARD = gnu99;
				GCC_DYNAMIC_NO_PIC = NO;
				GCC_OPTIMIZATION_LEVEL = 0;
				GCC_PREPROCESSOR_DEFINITIONS = (
					"DEBUG=1",
					"$(inherited)",
				);
				GCC_SYMBOLS_PRIVATE_EXTERN = NO;
				GCC_WARN_ABOUT_RETURN_TYPE = YES;
				GCC_WARN_UNINITIALIZED_AUTOS = YES;
				GCC_WARN_UNUSED_VARIABLE = YES;
				IPHONEOS_DEPLOYMENT_TARGET = 6.1;
				ONLY_ACTIVE_ARCH = YES;
				SDKROOT = iphoneos;
				TARGETED_DEVICE_FAMILY = 2;
			};
			name = Debug;
		};
		7968A00316B959F0003D3545 /* Release */ = {
			isa = XCBuildConfiguration;
			buildSettings = {
				ALWAYS_SEARCH_USER_PATHS = NO;
				CLANG_CXX_LANGUAGE_STANDARD = "gnu++0x";
				CLANG_CXX_LIBRARY = "libc++";
				CLANG_ENABLE_OBJC_ARC = YES;
				CLANG_WARN_CONSTANT_CONVERSION = YES;
				CLANG_WARN_EMPTY_BODY = YES;
				CLANG_WARN_ENUM_CONVERSION = YES;
				CLANG_WARN_INT_CONVERSION = YES;
				CLANG_WARN__DUPLICATE_METHOD_MATCH = YES;
				"CODE_SIGN_IDENTITY[sdk=iphoneos*]" = "iPhone Developer";
				COPY_PHASE_STRIP = YES;
				GCC_C_LANGUAGE_STANDARD = gnu99;
				GCC_WARN_ABOUT_RETURN_TYPE = YES;
				GCC_WARN_UNINITIALIZED_AUTOS = YES;
				GCC_WARN_UNUSED_VARIABLE = YES;
				IPHONEOS_DEPLOYMENT_TARGET = 6.1;
				OTHER_CFLAGS = "-DNS_BLOCK_ASSERTIONS=1";
				SDKROOT = iphoneos;
				TARGETED_DEVICE_FAMILY = 2;
				VALIDATE_PRODUCT = YES;
			};
			name = Release;
		};
		7968A00516B959F0003D3545 /* Debug */ = {
			isa = XCBuildConfiguration;
			buildSettings = {
				GCC_PRECOMPILE_PREFIX_HEADER = YES;
				GCC_PREFIX_HEADER = "OOHWAH/OOHWAH-Prefix.pch";
				INFOPLIST_FILE = "OOHWAH/OOHWAH-Info.plist";
				PRODUCT_NAME = "$(TARGET_NAME)";
				WRAPPER_EXTENSION = app;
			};
			name = Debug;
		};
		7968A00616B959F0003D3545 /* Release */ = {
			isa = XCBuildConfiguration;
			buildSettings = {
				GCC_PRECOMPILE_PREFIX_HEADER = YES;
				GCC_PREFIX_HEADER = "OOHWAH/OOHWAH-Prefix.pch";
				INFOPLIST_FILE = "OOHWAH/OOHWAH-Info.plist";
				PRODUCT_NAME = "$(TARGET_NAME)";
				WRAPPER_EXTENSION = app;
			};
			name = Release;
		};
/* End XCBuildConfiguration section */

/* Begin XCConfigurationList section */
		79689FDC16B959F0003D3545 /* Build configuration list for PBXProject "OOHWAH" */ = {
			isa = XCConfigurationList;
			buildConfigurations = (
				7968A00216B959F0003D3545 /* Debug */,
				7968A00316B959F0003D3545 /* Release */,
			);
			defaultConfigurationIsVisible = 0;
			defaultConfigurationName = Release;
		};
		7968A00416B959F0003D3545 /* Build configuration list for PBXNativeTarget "OOHWAH" */ = {
			isa = XCConfigurationList;
			buildConfigurations = (
				7968A00516B959F0003D3545 /* Debug */,
				7968A00616B959F0003D3545 /* Release */,
			);
			defaultConfigurationIsVisible = 0;
		};
/* End XCConfigurationList section */
	};
	rootObject = 79689FD916B959F0003D3545 /* Project object */;
}
